
Microsoft Visual Studio Solution File, Format Version 12.00
# Visual Studio Version 17
VisualStudioVersion = 17.8.34330.188
MinimumVisualStudioVersion = 10.0.40219.1
Project("{2150E333-8FDC-42A3-9474-1A3956D46DE8}") = "Partitioned-Repository-Pattern", "Partitioned-Repository-Pattern", "{010AAF9C-6D5F-4927-8021-2B491C85DD72}"
	ProjectSection(SolutionItems) = preProject
		src\Partitioned-Repository-Pattern\8.x\README.md = src\Partitioned-Repository-Pattern\8.x\README.md
	EndProjectSection
EndProject
Project("{9A19103F-16F7-4668-BE54-9A1E7A4F7556}") = "Application", "src\Partitioned-Repository-Pattern\8.x\Application\Application.csproj", "{40BC1B00-E94B-4A36-80D1-FAF0C153D2EF}"
EndProject
Project("{9A19103F-16F7-4668-BE54-9A1E7A4F7556}") = "Domain", "src\Partitioned-Repository-Pattern\8.x\Domain\Domain.csproj", "{A70A4427-C039-42E4-9FF2-CAFC5D82D3E7}"
EndProject
Project("{9A19103F-16F7-4668-BE54-9A1E7A4F7556}") = "Infrastructure", "src\Partitioned-Repository-Pattern\8.x\Infrastructure\Infrastructure.csproj", "{3799B06D-D6CB-4D56-8C8B-67416C1841A4}"
EndProject
Project("{2150E333-8FDC-42A3-9474-1A3956D46DE8}") = "Solution Items", "Solution Items", "{E9797A1F-CCE1-4BAB-B6B7-776F74AAC1A9}"
	ProjectSection(SolutionItems) = preProject
		.editorconfig = .editorconfig
		.gitignore = .gitignore
		README.md = README.md
	EndProjectSection
EndProject
Project("{2150E333-8FDC-42A3-9474-1A3956D46DE8}") = "Stream-API", "Stream-API", "{6EB7C775-CBF1-4CBA-89D1-408108B22740}"
	ProjectSection(SolutionItems) = preProject
		src\Stream-API\8.x\README.md = src\Stream-API\8.x\README.md
	EndProjectSection
EndProject
Project("{9A19103F-16F7-4668-BE54-9A1E7A4F7556}") = "Application", "src\Stream-API\8.x\Application\Application.csproj", "{37E7A16A-C2DC-4F0B-935B-985D4EFFEFCE}"
EndProject
Project("{9A19103F-16F7-4668-BE54-9A1E7A4F7556}") = "Domain", "src\Stream-API\8.x\Domain\Domain.csproj", "{1F240840-A220-4EB4-A07E-7FA0D246BFF7}"
EndProject
Project("{9A19103F-16F7-4668-BE54-9A1E7A4F7556}") = "Infrastructure", "src\Stream-API\8.x\Infrastructure\Infrastructure.csproj", "{0181CCB0-4563-4346-BB2C-E29084F88E9F}"
EndProject
Project("{9A19103F-16F7-4668-BE54-9A1E7A4F7556}") = "API", "src\Partitioned-Repository-Pattern\8.x\API\API.csproj", "{50F45CEB-F5CB-4792-BCEE-242190D22CE6}"
EndProject
Project("{9A19103F-16F7-4668-BE54-9A1E7A4F7556}") = "API", "src\Stream-API\8.x\API\API.csproj", "{027D3E06-4CDA-4A66-8DE2-607E525C5228}"
EndProject
Global
	GlobalSection(SolutionConfigurationPlatforms) = preSolution
		Debug|Any CPU = Debug|Any CPU
		Release|Any CPU = Release|Any CPU
	EndGlobalSection
	GlobalSection(ProjectConfigurationPlatforms) = postSolution
		{40BC1B00-E94B-4A36-80D1-FAF0C153D2EF}.Debug|Any CPU.ActiveCfg = Debug|Any CPU
		{40BC1B00-E94B-4A36-80D1-FAF0C153D2EF}.Debug|Any CPU.Build.0 = Debug|Any CPU
		{40BC1B00-E94B-4A36-80D1-FAF0C153D2EF}.Release|Any CPU.ActiveCfg = Release|Any CPU
		{40BC1B00-E94B-4A36-80D1-FAF0C153D2EF}.Release|Any CPU.Build.0 = Release|Any CPU
		{A70A4427-C039-42E4-9FF2-CAFC5D82D3E7}.Debug|Any CPU.ActiveCfg = Debug|Any CPU
		{A70A4427-C039-42E4-9FF2-CAFC5D82D3E7}.Debug|Any CPU.Build.0 = Debug|Any CPU
		{A70A4427-C039-42E4-9FF2-CAFC5D82D3E7}.Release|Any CPU.ActiveCfg = Release|Any CPU
		{A70A4427-C039-42E4-9FF2-CAFC5D82D3E7}.Release|Any CPU.Build.0 = Release|Any CPU
		{3799B06D-D6CB-4D56-8C8B-67416C1841A4}.Debug|Any CPU.ActiveCfg = Debug|Any CPU
		{3799B06D-D6CB-4D56-8C8B-67416C1841A4}.Debug|Any CPU.Build.0 = Debug|Any CPU
		{3799B06D-D6CB-4D56-8C8B-67416C1841A4}.Release|Any CPU.ActiveCfg = Release|Any CPU
		{3799B06D-D6CB-4D56-8C8B-67416C1841A4}.Release|Any CPU.Build.0 = Release|Any CPU
		{37E7A16A-C2DC-4F0B-935B-985D4EFFEFCE}.Debug|Any CPU.ActiveCfg = Debug|Any CPU
		{37E7A16A-C2DC-4F0B-935B-985D4EFFEFCE}.Debug|Any CPU.Build.0 = Debug|Any CPU
		{37E7A16A-C2DC-4F0B-935B-985D4EFFEFCE}.Release|Any CPU.ActiveCfg = Release|Any CPU
		{37E7A16A-C2DC-4F0B-935B-985D4EFFEFCE}.Release|Any CPU.Build.0 = Release|Any CPU
		{1F240840-A220-4EB4-A07E-7FA0D246BFF7}.Debug|Any CPU.ActiveCfg = Debug|Any CPU
		{1F240840-A220-4EB4-A07E-7FA0D246BFF7}.Debug|Any CPU.Build.0 = Debug|Any CPU
		{1F240840-A220-4EB4-A07E-7FA0D246BFF7}.Release|Any CPU.ActiveCfg = Release|Any CPU
		{1F240840-A220-4EB4-A07E-7FA0D246BFF7}.Release|Any CPU.Build.0 = Release|Any CPU
		{0181CCB0-4563-4346-BB2C-E29084F88E9F}.Debug|Any CPU.ActiveCfg = Debug|Any CPU
		{0181CCB0-4563-4346-BB2C-E29084F88E9F}.Debug|Any CPU.Build.0 = Debug|Any CPU
		{0181CCB0-4563-4346-BB2C-E29084F88E9F}.Release|Any CPU.ActiveCfg = Release|Any CPU
		{0181CCB0-4563-4346-BB2C-E29084F88E9F}.Release|Any CPU.Build.0 = Release|Any CPU
		{50F45CEB-F5CB-4792-BCEE-242190D22CE6}.Debug|Any CPU.ActiveCfg = Debug|Any CPU
		{50F45CEB-F5CB-4792-BCEE-242190D22CE6}.Debug|Any CPU.Build.0 = Debug|Any CPU
		{50F45CEB-F5CB-4792-BCEE-242190D22CE6}.Release|Any CPU.ActiveCfg = Release|Any CPU
		{50F45CEB-F5CB-4792-BCEE-242190D22CE6}.Release|Any CPU.Build.0 = Release|Any CPU
		{027D3E06-4CDA-4A66-8DE2-607E525C5228}.Debug|Any CPU.ActiveCfg = Debug|Any CPU
		{027D3E06-4CDA-4A66-8DE2-607E525C5228}.Debug|Any CPU.Build.0 = Debug|Any CPU
		{027D3E06-4CDA-4A66-8DE2-607E525C5228}.Release|Any CPU.ActiveCfg = Release|Any CPU
		{027D3E06-4CDA-4A66-8DE2-607E525C5228}.Release|Any CPU.Build.0 = Release|Any CPU
	EndGlobalSection
	GlobalSection(SolutionProperties) = preSolution
		HideSolutionNode = FALSE
	EndGlobalSection
	GlobalSection(NestedProjects) = preSolution
		{40BC1B00-E94B-4A36-80D1-FAF0C153D2EF} = {010AAF9C-6D5F-4927-8021-2B491C85DD72}
		{A70A4427-C039-42E4-9FF2-CAFC5D82D3E7} = {010AAF9C-6D5F-4927-8021-2B491C85DD72}
		{3799B06D-D6CB-4D56-8C8B-67416C1841A4} = {010AAF9C-6D5F-4927-8021-2B491C85DD72}
		{37E7A16A-C2DC-4F0B-935B-985D4EFFEFCE} = {6EB7C775-CBF1-4CBA-89D1-408108B22740}
		{1F240840-A220-4EB4-A07E-7FA0D246BFF7} = {6EB7C775-CBF1-4CBA-89D1-408108B22740}
		{0181CCB0-4563-4346-BB2C-E29084F88E9F} = {6EB7C775-CBF1-4CBA-89D1-408108B22740}
		{50F45CEB-F5CB-4792-BCEE-242190D22CE6} = {010AAF9C-6D5F-4927-8021-2B491C85DD72}
		{027D3E06-4CDA-4A66-8DE2-607E525C5228} = {6EB7C775-CBF1-4CBA-89D1-408108B22740}
	EndGlobalSection
	GlobalSection(ExtensibilityGlobals) = postSolution
		SolutionGuid = {F51F172C-AFD9-4CF4-B668-53F82E7C6F4B}
	EndGlobalSection
EndGlobal
